// !$*UTF8*$!
{
	archiveVersion = 1;
	classes = {
	};
	objectVersion = 56;
	objects = {

/* Begin PBXBuildFile section */
		408F4A772B8355D700FFD354 /* GroceryAppApp.swift in Sources */ = {isa = PBXBuildFile; fileRef = 408F4A762B8355D700FFD354 /* GroceryAppApp.swift */; };
		408F4A792B8355D700FFD354 /* ContentView.swift in Sources */ = {isa = PBXBuildFile; fileRef = 408F4A782B8355D700FFD354 /* ContentView.swift */; };
		408F4A7B2B8355D800FFD354 /* Assets.xcassets in Resources */ = {isa = PBXBuildFile; fileRef = 408F4A7A2B8355D800FFD354 /* Assets.xcassets */; };
		408F4A7E2B8355D800FFD354 /* Preview Assets.xcassets in Resources */ = {isa = PBXBuildFile; fileRef = 408F4A7D2B8355D800FFD354 /* Preview Assets.xcassets */; };
		408F4A882B8355D800FFD354 /* GroceryAppTests.swift in Sources */ = {isa = PBXBuildFile; fileRef = 408F4A872B8355D800FFD354 /* GroceryAppTests.swift */; };
		408F4A922B8355D800FFD354 /* GroceryAppUITests.swift in Sources */ = {isa = PBXBuildFile; fileRef = 408F4A912B8355D800FFD354 /* GroceryAppUITests.swift */; };
		408F4A942B8355D800FFD354 /* GroceryAppUITestsLaunchTests.swift in Sources */ = {isa = PBXBuildFile; fileRef = 408F4A932B8355D800FFD354 /* GroceryAppUITestsLaunchTests.swift */; };
		408F4AAB2B84B36D00FFD354 /* Cart.swift in Sources */ = {isa = PBXBuildFile; fileRef = 408F4AAA2B84B36D00FFD354 /* Cart.swift */; };
		408F4AAD2B84B39900FFD354 /* Shop.swift in Sources */ = {isa = PBXBuildFile; fileRef = 408F4AAC2B84B39900FFD354 /* Shop.swift */; };
		408F4AAF2B84B3E400FFD354 /* ShopItem.swift in Sources */ = {isa = PBXBuildFile; fileRef = 408F4AAE2B84B3E400FFD354 /* ShopItem.swift */; };
		408F4AB12B84B5F300FFD354 /* Data.swift in Sources */ = {isa = PBXBuildFile; fileRef = 408F4AB02B84B5F300FFD354 /* Data.swift */; };
		408F4AB32B84B67E00FFD354 /* PaymentButton.swift in Sources */ = {isa = PBXBuildFile; fileRef = 408F4AB22B84B67E00FFD354 /* PaymentButton.swift */; };
		408F4AB52B84D98E00FFD354 /* Account.swift in Sources */ = {isa = PBXBuildFile; fileRef = 408F4AB42B84D98E00FFD354 /* Account.swift */; };
		408F4AB72B84DBD700FFD354 /* InputView.swift in Sources */ = {isa = PBXBuildFile; fileRef = 408F4AB62B84DBD700FFD354 /* InputView.swift */; };
		408F4AB92B86208000FFD354 /* Registration.swift in Sources */ = {isa = PBXBuildFile; fileRef = 408F4AB82B86208000FFD354 /* Registration.swift */; };
		408F4ABC2B86478500FFD354 /* FirebaseAuth in Frameworks */ = {isa = PBXBuildFile; productRef = 408F4ABB2B86478500FFD354 /* FirebaseAuth */; };
		408F4ABE2B86478500FFD354 /* FirebaseFirestore in Frameworks */ = {isa = PBXBuildFile; productRef = 408F4ABD2B86478500FFD354 /* FirebaseFirestore */; };
		408F4AC02B8648CB00FFD354 /* GoogleService-Info.plist in Resources */ = {isa = PBXBuildFile; fileRef = 408F4ABF2B8648CB00FFD354 /* GoogleService-Info.plist */; };
		408F4ACA2B873E7700FFD354 /* AuthenticationManager.swift in Sources */ = {isa = PBXBuildFile; fileRef = 408F4AC92B873E7700FFD354 /* AuthenticationManager.swift */; };
/* End PBXBuildFile section */

/* Begin PBXContainerItemProxy section */
		408F4A842B8355D800FFD354 /* PBXContainerItemProxy */ = {
			isa = PBXContainerItemProxy;
			containerPortal = 408F4A6B2B8355D700FFD354 /* Project object */;
			proxyType = 1;
			remoteGlobalIDString = 408F4A722B8355D700FFD354;
			remoteInfo = GroceryApp;
		};
		408F4A8E2B8355D800FFD354 /* PBXContainerItemProxy */ = {
			isa = PBXContainerItemProxy;
			containerPortal = 408F4A6B2B8355D700FFD354 /* Project object */;
			proxyType = 1;
			remoteGlobalIDString = 408F4A722B8355D700FFD354;
			remoteInfo = GroceryApp;
		};
/* End PBXContainerItemProxy section */

/* Begin PBXFileReference section */
		408F4A732B8355D700FFD354 /* GroceryApp.app */ = {isa = PBXFileReference; explicitFileType = wrapper.application; includeInIndex = 0; path = GroceryApp.app; sourceTree = BUILT_PRODUCTS_DIR; };
		408F4A762B8355D700FFD354 /* GroceryAppApp.swift */ = {isa = PBXFileReference; lastKnownFileType = sourcecode.swift; path = GroceryAppApp.swift; sourceTree = "<group>"; };
		408F4A782B8355D700FFD354 /* ContentView.swift */ = {isa = PBXFileReference; lastKnownFileType = sourcecode.swift; path = ContentView.swift; sourceTree = "<group>"; };
		408F4A7A2B8355D800FFD354 /* Assets.xcassets */ = {isa = PBXFileReference; lastKnownFileType = folder.assetcatalog; path = Assets.xcassets; sourceTree = "<group>"; };
		408F4A7D2B8355D800FFD354 /* Preview Assets.xcassets */ = {isa = PBXFileReference; lastKnownFileType = folder.assetcatalog; path = "Preview Assets.xcassets"; sourceTree = "<group>"; };
		408F4A832B8355D800FFD354 /* GroceryAppTests.xctest */ = {isa = PBXFileReference; explicitFileType = wrapper.cfbundle; includeInIndex = 0; path = GroceryAppTests.xctest; sourceTree = BUILT_PRODUCTS_DIR; };
		408F4A872B8355D800FFD354 /* GroceryAppTests.swift */ = {isa = PBXFileReference; lastKnownFileType = sourcecode.swift; path = GroceryAppTests.swift; sourceTree = "<group>"; };
		408F4A8D2B8355D800FFD354 /* GroceryAppUITests.xctest */ = {isa = PBXFileReference; explicitFileType = wrapper.cfbundle; includeInIndex = 0; path = GroceryAppUITests.xctest; sourceTree = BUILT_PRODUCTS_DIR; };
		408F4A912B8355D800FFD354 /* GroceryAppUITests.swift */ = {isa = PBXFileReference; lastKnownFileType = sourcecode.swift; path = GroceryAppUITests.swift; sourceTree = "<group>"; };
		408F4A932B8355D800FFD354 /* GroceryAppUITestsLaunchTests.swift */ = {isa = PBXFileReference; lastKnownFileType = sourcecode.swift; path = GroceryAppUITestsLaunchTests.swift; sourceTree = "<group>"; };
		408F4AAA2B84B36D00FFD354 /* Cart.swift */ = {isa = PBXFileReference; lastKnownFileType = sourcecode.swift; path = Cart.swift; sourceTree = "<group>"; };
		408F4AAC2B84B39900FFD354 /* Shop.swift */ = {isa = PBXFileReference; lastKnownFileType = sourcecode.swift; path = Shop.swift; sourceTree = "<group>"; };
		408F4AAE2B84B3E400FFD354 /* ShopItem.swift */ = {isa = PBXFileReference; lastKnownFileType = sourcecode.swift; path = ShopItem.swift; sourceTree = "<group>"; };
		408F4AB02B84B5F300FFD354 /* Data.swift */ = {isa = PBXFileReference; lastKnownFileType = sourcecode.swift; path = Data.swift; sourceTree = "<group>"; };
		408F4AB22B84B67E00FFD354 /* PaymentButton.swift */ = {isa = PBXFileReference; lastKnownFileType = sourcecode.swift; path = PaymentButton.swift; sourceTree = "<group>"; };
		408F4AB42B84D98E00FFD354 /* Account.swift */ = {isa = PBXFileReference; lastKnownFileType = sourcecode.swift; path = Account.swift; sourceTree = "<group>"; };
		408F4AB62B84DBD700FFD354 /* InputView.swift */ = {isa = PBXFileReference; lastKnownFileType = sourcecode.swift; path = InputView.swift; sourceTree = "<group>"; };
		408F4AB82B86208000FFD354 /* Registration.swift */ = {isa = PBXFileReference; lastKnownFileType = sourcecode.swift; path = Registration.swift; sourceTree = "<group>"; };
		408F4ABF2B8648CB00FFD354 /* GoogleService-Info.plist */ = {isa = PBXFileReference; fileEncoding = 4; lastKnownFileType = text.plist.xml; name = "GoogleService-Info.plist"; path = "../../../../Downloads/GoogleService-Info.plist"; sourceTree = "<group>"; };
		408F4AC92B873E7700FFD354 /* AuthenticationManager.swift */ = {isa = PBXFileReference; lastKnownFileType = sourcecode.swift; path = AuthenticationManager.swift; sourceTree = "<group>"; };
/* End PBXFileReference section */

/* Begin PBXFrameworksBuildPhase section */
		408F4A702B8355D700FFD354 /* Frameworks */ = {
			isa = PBXFrameworksBuildPhase;
			buildActionMask = 2147483647;
			files = (
				408F4ABC2B86478500FFD354 /* FirebaseAuth in Frameworks */,
				408F4ABE2B86478500FFD354 /* FirebaseFirestore in Frameworks */,
			);
			runOnlyForDeploymentPostprocessing = 0;
		};
		408F4A802B8355D800FFD354 /* Frameworks */ = {
			isa = PBXFrameworksBuildPhase;
			buildActionMask = 2147483647;
			files = (
			);
			runOnlyForDeploymentPostprocessing = 0;
		};
		408F4A8A2B8355D800FFD354 /* Frameworks */ = {
			isa = PBXFrameworksBuildPhase;
			buildActionMask = 2147483647;
			files = (
			);
			runOnlyForDeploymentPostprocessing = 0;
		};
/* End PBXFrameworksBuildPhase section */

/* Begin PBXGroup section */
		408F4A6A2B8355D700FFD354 = {
			isa = PBXGroup;
			children = (
				408F4A752B8355D700FFD354 /* GroceryApp */,
				408F4A862B8355D800FFD354 /* GroceryAppTests */,
				408F4A902B8355D800FFD354 /* GroceryAppUITests */,
				408F4A742B8355D700FFD354 /* Products */,
			);
			sourceTree = "<group>";
		};
		408F4A742B8355D700FFD354 /* Products */ = {
			isa = PBXGroup;
			children = (
				408F4A732B8355D700FFD354 /* GroceryApp.app */,
				408F4A832B8355D800FFD354 /* GroceryAppTests.xctest */,
				408F4A8D2B8355D800FFD354 /* GroceryAppUITests.xctest */,
			);
			name = Products;
			sourceTree = "<group>";
		};
		408F4A752B8355D700FFD354 /* GroceryApp */ = {
			isa = PBXGroup;
			children = (
				408F4A762B8355D700FFD354 /* GroceryAppApp.swift */,
				408F4A782B8355D700FFD354 /* ContentView.swift */,
				408F4ABF2B8648CB00FFD354 /* GoogleService-Info.plist */,
				408F4A7A2B8355D800FFD354 /* Assets.xcassets */,
				408F4A7C2B8355D800FFD354 /* Preview Content */,
			);
			path = GroceryApp;
			sourceTree = "<group>";
		};
		408F4A7C2B8355D800FFD354 /* Preview Content */ = {
			isa = PBXGroup;
			children = (
				408F4AAE2B84B3E400FFD354 /* ShopItem.swift */,
				408F4AB82B86208000FFD354 /* Registration.swift */,
				408F4AAC2B84B39900FFD354 /* Shop.swift */,
				408F4AAA2B84B36D00FFD354 /* Cart.swift */,
				408F4AB02B84B5F300FFD354 /* Data.swift */,
				408F4AB22B84B67E00FFD354 /* PaymentButton.swift */,
				408F4AB42B84D98E00FFD354 /* Account.swift */,
				408F4AB62B84DBD700FFD354 /* InputView.swift */,
				408F4AC92B873E7700FFD354 /* AuthenticationManager.swift */,
				408F4A7D2B8355D800FFD354 /* Preview Assets.xcassets */,
			);
			path = "Preview Content";
			sourceTree = "<group>";
		};
		408F4A862B8355D800FFD354 /* GroceryAppTests */ = {
			isa = PBXGroup;
			children = (
				408F4A872B8355D800FFD354 /* GroceryAppTests.swift */,
			);
			path = GroceryAppTests;
			sourceTree = "<group>";
		};
		408F4A902B8355D800FFD354 /* GroceryAppUITests */ = {
			isa = PBXGroup;
			children = (
				408F4A912B8355D800FFD354 /* GroceryAppUITests.swift */,
				408F4A932B8355D800FFD354 /* GroceryAppUITestsLaunchTests.swift */,
			);
			path = GroceryAppUITests;
			sourceTree = "<group>";
		};
/* End PBXGroup section */

/* Begin PBXNativeTarget section */
		408F4A722B8355D700FFD354 /* GroceryApp */ = {
			isa = PBXNativeTarget;
			buildConfigurationList = 408F4A972B8355D800FFD354 /* Build configuration list for PBXNativeTarget "GroceryApp" */;
			buildPhases = (
				408F4A6F2B8355D700FFD354 /* Sources */,
				408F4A702B8355D700FFD354 /* Frameworks */,
				408F4A712B8355D700FFD354 /* Resources */,
			);
			buildRules = (
			);
			dependencies = (
			);
			name = GroceryApp;
			packageProductDependencies = (
				408F4ABB2B86478500FFD354 /* FirebaseAuth */,
				408F4ABD2B86478500FFD354 /* FirebaseFirestore */,
			);
			productName = GroceryApp;
			productReference = 408F4A732B8355D700FFD354 /* GroceryApp.app */;
			productType = "com.apple.product-type.application";
		};
		408F4A822B8355D800FFD354 /* GroceryAppTests */ = {
			isa = PBXNativeTarget;
			buildConfigurationList = 408F4A9A2B8355D800FFD354 /* Build configuration list for PBXNativeTarget "GroceryAppTests" */;
			buildPhases = (
				408F4A7F2B8355D800FFD354 /* Sources */,
				408F4A802B8355D800FFD354 /* Frameworks */,
				408F4A812B8355D800FFD354 /* Resources */,
			);
			buildRules = (
			);
			dependencies = (
				408F4A852B8355D800FFD354 /* PBXTargetDependency */,
			);
			name = GroceryAppTests;
			productName = GroceryAppTests;
			productReference = 408F4A832B8355D800FFD354 /* GroceryAppTests.xctest */;
			productType = "com.apple.product-type.bundle.unit-test";
		};
		408F4A8C2B8355D800FFD354 /* GroceryAppUITests */ = {
			isa = PBXNativeTarget;
			buildConfigurationList = 408F4A9D2B8355D800FFD354 /* Build configuration list for PBXNativeTarget "GroceryAppUITests" */;
			buildPhases = (
				408F4A892B8355D800FFD354 /* Sources */,
				408F4A8A2B8355D800FFD354 /* Frameworks */,
				408F4A8B2B8355D800FFD354 /* Resources */,
			);
			buildRules = (
			);
			dependencies = (
				408F4A8F2B8355D800FFD354 /* PBXTargetDependency */,
			);
			name = GroceryAppUITests;
			productName = GroceryAppUITests;
			productReference = 408F4A8D2B8355D800FFD354 /* GroceryAppUITests.xctest */;
			productType = "com.apple.product-type.bundle.ui-testing";
		};
/* End PBXNativeTarget section */

/* Begin PBXProject section */
		408F4A6B2B8355D700FFD354 /* Project object */ = {
			isa = PBXProject;
			attributes = {
				BuildIndependentTargetsInParallel = 1;
				LastSwiftUpdateCheck = 1500;
				LastUpgradeCheck = 1500;
				TargetAttributes = {
					408F4A722B8355D700FFD354 = {
						CreatedOnToolsVersion = 15.0.1;
					};
					408F4A822B8355D800FFD354 = {
						CreatedOnToolsVersion = 15.0.1;
						TestTargetID = 408F4A722B8355D700FFD354;
					};
					408F4A8C2B8355D800FFD354 = {
						CreatedOnToolsVersion = 15.0.1;
						TestTargetID = 408F4A722B8355D700FFD354;
					};
				};
			};
			buildConfigurationList = 408F4A6E2B8355D700FFD354 /* Build configuration list for PBXProject "GroceryApp" */;
			compatibilityVersion = "Xcode 14.0";
			developmentRegion = en;
			hasScannedForEncodings = 0;
			knownRegions = (
				en,
				Base,
			);
			mainGroup = 408F4A6A2B8355D700FFD354;
			packageReferences = (
				408F4ABA2B86478500FFD354 /* XCRemoteSwiftPackageReference "firebase-ios-sdk" */,
			);
			productRefGroup = 408F4A742B8355D700FFD354 /* Products */;
			projectDirPath = "";
			projectRoot = "";
			targets = (
				408F4A722B8355D700FFD354 /* GroceryApp */,
				408F4A822B8355D800FFD354 /* GroceryAppTests */,
				408F4A8C2B8355D800FFD354 /* GroceryAppUITests */,
			);
		};
/* End PBXProject section */

/* Begin PBXResourcesBuildPhase section */
		408F4A712B8355D700FFD354 /* Resources */ = {
			isa = PBXResourcesBuildPhase;
			buildActionMask = 2147483647;
			files = (
				408F4A7E2B8355D800FFD354 /* Preview Assets.xcassets in Resources */,
				408F4A7B2B8355D800FFD354 /* Assets.xcassets in Resources */,
				408F4AC02B8648CB00FFD354 /* GoogleService-Info.plist in Resources */,
			);
			runOnlyForDeploymentPostprocessing = 0;
		};
		408F4A812B8355D800FFD354 /* Resources */ = {
			isa = PBXResourcesBuildPhase;
			buildActionMask = 2147483647;
			files = (
			);
			runOnlyForDeploymentPostprocessing = 0;
		};
		408F4A8B2B8355D800FFD354 /* Resources */ = {
			isa = PBXResourcesBuildPhase;
			buildActionMask = 2147483647;
			files = (
			);
			runOnlyForDeploymentPostprocessing = 0;
		};
/* End PBXResourcesBuildPhase section */

/* Begin PBXSourcesBuildPhase section */
		408F4A6F2B8355D700FFD354 /* Sources */ = {
			isa = PBXSourcesBuildPhase;
			buildActionMask = 2147483647;
			files = (
				408F4A792B8355D700FFD354 /* ContentView.swift in Sources */,
				408F4AB12B84B5F300FFD354 /* Data.swift in Sources */,
				408F4ACA2B873E7700FFD354 /* AuthenticationManager.swift in Sources */,
				408F4AAB2B84B36D00FFD354 /* Cart.swift in Sources */,
				408F4AB32B84B67E00FFD354 /* PaymentButton.swift in Sources */,
				408F4AAF2B84B3E400FFD354 /* ShopItem.swift in Sources */,
				408F4AB52B84D98E00FFD354 /* Account.swift in Sources */,
				408F4AB72B84DBD700FFD354 /* InputView.swift in Sources */,
				408F4A772B8355D700FFD354 /* GroceryAppApp.swift in Sources */,
				408F4AB92B86208000FFD354 /* Registration.swift in Sources */,
				408F4AAD2B84B39900FFD354 /* Shop.swift in Sources */,
			);
			runOnlyForDeploymentPostprocessing = 0;
		};
		408F4A7F2B8355D800FFD354 /* Sources */ = {
			isa = PBXSourcesBuildPhase;
			buildActionMask = 2147483647;
			files = (
				408F4A882B8355D800FFD354 /* GroceryAppTests.swift in Sources */,
			);
			runOnlyForDeploymentPostprocessing = 0;
		};
		408F4A892B8355D800FFD354 /* Sources */ = {
			isa = PBXSourcesBuildPhase;
			buildActionMask = 2147483647;
			files = (
				408F4A942B8355D800FFD354 /* GroceryAppUITestsLaunchTests.swift in Sources */,
				408F4A922B8355D800FFD354 /* GroceryAppUITests.swift in Sources */,
			);
			runOnlyForDeploymentPostprocessing = 0;
		};
/* End PBXSourcesBuildPhase section */

/* Begin PBXTargetDependency section */
		408F4A852B8355D800FFD354 /* PBXTargetDependency */ = {
			isa = PBXTargetDependency;
			target = 408F4A722B8355D700FFD354 /* GroceryApp */;
			targetProxy = 408F4A842B8355D800FFD354 /* PBXContainerItemProxy */;
		};
		408F4A8F2B8355D800FFD354 /* PBXTargetDependency */ = {
			isa = PBXTargetDependency;
			target = 408F4A722B8355D700FFD354 /* GroceryApp */;
			targetProxy = 408F4A8E2B8355D800FFD354 /* PBXContainerItemProxy */;
		};
/* End PBXTargetDependency section */

/* Begin XCBuildConfiguration section */
		408F4A952B8355D800FFD354 /* Debug */ = {
			isa = XCBuildConfiguration;
			buildSettings = {
				ALWAYS_SEARCH_USER_PATHS = NO;
				ASSETCATALOG_COMPILER_GENERATE_SWIFT_ASSET_SYMBOL_EXTENSIONS = YES;
				CLANG_ANALYZER_NONNULL = YES;
				CLANG_ANALYZER_NUMBER_OBJECT_CONVERSION = YES_AGGRESSIVE;
				CLANG_CXX_LANGUAGE_STANDARD = "gnu++20";
				CLANG_ENABLE_MODULES = YES;
				CLANG_ENABLE_OBJC_ARC = YES;
				CLANG_ENABLE_OBJC_WEAK = YES;
				CLANG_WARN_BLOCK_CAPTURE_AUTORELEASING = YES;
				CLANG_WARN_BOOL_CONVERSION = YES;
				CLANG_WARN_COMMA = YES;
				CLANG_WARN_CONSTANT_CONVERSION = YES;
				CLANG_WARN_DEPRECATED_OBJC_IMPLEMENTATIONS = YES;
				CLANG_WARN_DIRECT_OBJC_ISA_USAGE = YES_ERROR;
				CLANG_WARN_DOCUMENTATION_COMMENTS = YES;
				CLANG_WARN_EMPTY_BODY = YES;
				CLANG_WARN_ENUM_CONVERSION = YES;
				CLANG_WARN_INFINITE_RECURSION = YES;
				CLANG_WARN_INT_CONVERSION = YES;
				CLANG_WARN_NON_LITERAL_NULL_CONVERSION = YES;
				CLANG_WARN_OBJC_IMPLICIT_RETAIN_SELF = YES;
				CLANG_WARN_OBJC_LITERAL_CONVERSION = YES;
				CLANG_WARN_OBJC_ROOT_CLASS = YES_ERROR;
				CLANG_WARN_QUOTED_INCLUDE_IN_FRAMEWORK_HEADER = YES;
				CLANG_WARN_RANGE_LOOP_ANALYSIS = YES;
				CLANG_WARN_STRICT_PROTOTYPES = YES;
				CLANG_WARN_SUSPICIOUS_MOVE = YES;
				CLANG_WARN_UNGUARDED_AVAILABILITY = YES_AGGRESSIVE;
				CLANG_WARN_UNREACHABLE_CODE = YES;
				CLANG_WARN__DUPLICATE_METHOD_MATCH = YES;
				COPY_PHASE_STRIP = NO;
				DEBUG_INFORMATION_FORMAT = dwarf;
				ENABLE_STRICT_OBJC_MSGSEND = YES;
				ENABLE_TESTABILITY = YES;
				ENABLE_USER_SCRIPT_SANDBOXING = YES;
				GCC_C_LANGUAGE_STANDARD = gnu17;
				GCC_DYNAMIC_NO_PIC = NO;
				GCC_NO_COMMON_BLOCKS = YES;
				GCC_OPTIMIZATION_LEVEL = 0;
				GCC_PREPROCESSOR_DEFINITIONS = (
					"DEBUG=1",
					"$(inherited)",
				);
				GCC_WARN_64_TO_32_BIT_CONVERSION = YES;
				GCC_WARN_ABOUT_RETURN_TYPE = YES_ERROR;
				GCC_WARN_UNDECLARED_SELECTOR = YES;
				GCC_WARN_UNINITIALIZED_AUTOS = YES_AGGRESSIVE;
				GCC_WARN_UNUSED_FUNCTION = YES;
				GCC_WARN_UNUSED_VARIABLE = YES;
				IPHONEOS_DEPLOYMENT_TARGET = 17.0;
				LOCALIZATION_PREFERS_STRING_CATALOGS = YES;
				MTL_ENABLE_DEBUG_INFO = INCLUDE_SOURCE;
				MTL_FAST_MATH = YES;
				ONLY_ACTIVE_ARCH = YES;
				SDKROOT = iphoneos;
				SWIFT_ACTIVE_COMPILATION_CONDITIONS = "DEBUG $(inherited)";
				SWIFT_OPTIMIZATION_LEVEL = "-Onone";
			};
			name = Debug;
		};
		408F4A962B8355D800FFD354 /* Release */ = {
			isa = XCBuildConfiguration;
			buildSettings = {
				ALWAYS_SEARCH_USER_PATHS = NO;
				ASSETCATALOG_COMPILER_GENERATE_SWIFT_ASSET_SYMBOL_EXTENSIONS = YES;
				CLANG_ANALYZER_NONNULL = YES;
				CLANG_ANALYZER_NUMBER_OBJECT_CONVERSION = YES_AGGRESSIVE;
				CLANG_CXX_LANGUAGE_STANDARD = "gnu++20";
				CLANG_ENABLE_MODULES = YES;
				CLANG_ENABLE_OBJC_ARC = YES;
				CLANG_ENABLE_OBJC_WEAK = YES;
				CLANG_WARN_BLOCK_CAPTURE_AUTORELEASING = YES;
				CLANG_WARN_BOOL_CONVERSION = YES;
				CLANG_WARN_COMMA = YES;
				CLANG_WARN_CONSTANT_CONVERSION = YES;
				CLANG_WARN_DEPRECATED_OBJC_IMPLEMENTATIONS = YES;
				CLANG_WARN_DIRECT_OBJC_ISA_USAGE = YES_ERROR;
				CLANG_WARN_DOCUMENTATION_COMMENTS = YES;
				CLANG_WARN_EMPTY_BODY = YES;
				CLANG_WARN_ENUM_CONVERSION = YES;
				CLANG_WARN_INFINITE_RECURSION = YES;
				CLANG_WARN_INT_CONVERSION = YES;
				CLANG_WARN_NON_LITERAL_NULL_CONVERSION = YES;
				CLANG_WARN_OBJC_IMPLICIT_RETAIN_SELF = YES;
				CLANG_WARN_OBJC_LITERAL_CONVERSION = YES;
				CLANG_WARN_OBJC_ROOT_CLASS = YES_ERROR;
				CLANG_WARN_QUOTED_INCLUDE_IN_FRAMEWORK_HEADER = YES;
				CLANG_WARN_RANGE_LOOP_ANALYSIS = YES;
				CLANG_WARN_STRICT_PROTOTYPES = YES;
				CLANG_WARN_SUSPICIOUS_MOVE = YES;
				CLANG_WARN_UNGUARDED_AVAILABILITY = YES_AGGRESSIVE;
				CLANG_WARN_UNREACHABLE_CODE = YES;
				CLANG_WARN__DUPLICATE_METHOD_MATCH = YES;
				COPY_PHASE_STRIP = NO;
				DEBUG_INFORMATION_FORMAT = "dwarf-with-dsym";
				ENABLE_NS_ASSERTIONS = NO;
				ENABLE_STRICT_OBJC_MSGSEND = YES;
				ENABLE_USER_SCRIPT_SANDBOXING = YES;
				GCC_C_LANGUAGE_STANDARD = gnu17;
				GCC_NO_COMMON_BLOCKS = YES;
				GCC_WARN_64_TO_32_BIT_CONVERSION = YES;
				GCC_WARN_ABOUT_RETURN_TYPE = YES_ERROR;
				GCC_WARN_UNDECLARED_SELECTOR = YES;
				GCC_WARN_UNINITIALIZED_AUTOS = YES_AGGRESSIVE;
				GCC_WARN_UNUSED_FUNCTION = YES;
				GCC_WARN_UNUSED_VARIABLE = YES;
				IPHONEOS_DEPLOYMENT_TARGET = 17.0;
				LOCALIZATION_PREFERS_STRING_CATALOGS = YES;
				MTL_ENABLE_DEBUG_INFO = NO;
				MTL_FAST_MATH = YES;
				SDKROOT = iphoneos;
				SWIFT_COMPILATION_MODE = wholemodule;
				VALIDATE_PRODUCT = YES;
			};
			name = Release;
		};
		408F4A982B8355D800FFD354 /* Debug */ = {
			isa = XCBuildConfiguration;
			buildSettings = {
				ASSETCATALOG_COMPILER_APPICON_NAME = AppIcon;
				ASSETCATALOG_COMPILER_GLOBAL_ACCENT_COLOR_NAME = AccentColor;
				CODE_SIGN_STYLE = Automatic;
				CURRENT_PROJECT_VERSION = 1;
				DEVELOPMENT_ASSET_PATHS = "\"GroceryApp/Preview Content\"";
				ENABLE_PREVIEWS = YES;
				GENERATE_INFOPLIST_FILE = YES;
				INFOPLIST_KEY_UIApplicationSceneManifest_Generation = YES;
				INFOPLIST_KEY_UIApplicationSupportsIndirectInputEvents = YES;
				INFOPLIST_KEY_UILaunchScreen_Generation = YES;
				INFOPLIST_KEY_UISupportedInterfaceOrientations_iPad = "UIInterfaceOrientationPortrait UIInterfaceOrientationPortraitUpsideDown UIInterfaceOrientationLandscapeLeft UIInterfaceOrientationLandscapeRight";
				INFOPLIST_KEY_UISupportedInterfaceOrientations_iPhone = "UIInterfaceOrientationPortrait UIInterfaceOrientationLandscapeLeft UIInterfaceOrientationLandscapeRight";
				LD_RUNPATH_SEARCH_PATHS = (
					"$(inherited)",
					"@executable_path/Frameworks",
				);
				MARKETING_VERSION = 1.0;
				PRODUCT_BUNDLE_IDENTIFIER = "Natalia-Piegat.GroceryApp";
				PRODUCT_NAME = "$(TARGET_NAME)";
				SWIFT_EMIT_LOC_STRINGS = YES;
				SWIFT_VERSION = 5.0;
				TARGETED_DEVICE_FAMILY = "1,2";
			};
			name = Debug;
		};
		408F4A992B8355D800FFD354 /* Release */ = {
			isa = XCBuildConfiguration;
			buildSettings = {
				ASSETCATALOG_COMPILER_APPICON_NAME = AppIcon;
				ASSETCATALOG_COMPILER_GLOBAL_ACCENT_COLOR_NAME = AccentColor;
				CODE_SIGN_STYLE = Automatic;
				CURRENT_PROJECT_VERSION = 1;
				DEVELOPMENT_ASSET_PATHS = "\"GroceryApp/Preview Content\"";
				ENABLE_PREVIEWS = YES;
				GENERATE_INFOPLIST_FILE = YES;
				INFOPLIST_KEY_UIApplicationSceneManifest_Generation = YES;
				INFOPLIST_KEY_UIApplicationSupportsIndirectInputEvents = YES;
				INFOPLIST_KEY_UILaunchScreen_Generation = YES;
				INFOPLIST_KEY_UISupportedInterfaceOrientations_iPad = "UIInterfaceOrientationPortrait UIInterfaceOrientationPortraitUpsideDown UIInterfaceOrientationLandscapeLeft UIInterfaceOrientationLandscapeRight";
				INFOPLIST_KEY_UISupportedInterfaceOrientations_iPhone = "UIInterfaceOrientationPortrait UIInterfaceOrientationLandscapeLeft UIInterfaceOrientationLandscapeRight";
				LD_RUNPATH_SEARCH_PATHS = (
					"$(inherited)",
					"@executable_path/Frameworks",
				);
				MARKETING_VERSION = 1.0;
				PRODUCT_BUNDLE_IDENTIFIER = "Natalia-Piegat.GroceryApp";
				PRODUCT_NAME = "$(TARGET_NAME)";
				SWIFT_EMIT_LOC_STRINGS = YES;
				SWIFT_VERSION = 5.0;
				TARGETED_DEVICE_FAMILY = "1,2";
			};
			name = Release;
		};
		408F4A9B2B8355D800FFD354 /* Debug */ = {
			isa = XCBuildConfiguration;
			buildSettings = {
				ALWAYS_EMBED_SWIFT_STANDARD_LIBRARIES = YES;
				BUNDLE_LOADER = "$(TEST_HOST)";
				CODE_SIGN_STYLE = Automatic;
				CURRENT_PROJECT_VERSION = 1;
				GENERATE_INFOPLIST_FILE = YES;
				IPHONEOS_DEPLOYMENT_TARGET = 17.0;
				MARKETING_VERSION = 1.0;
				PRODUCT_BUNDLE_IDENTIFIER = "Natalia-Piegat.GroceryAppTests";
				PRODUCT_NAME = "$(TARGET_NAME)";
				SWIFT_EMIT_LOC_STRINGS = NO;
				SWIFT_VERSION = 5.0;
				TARGETED_DEVICE_FAMILY = "1,2";
				TEST_HOST = "$(BUILT_PRODUCTS_DIR)/GroceryApp.app/$(BUNDLE_EXECUTABLE_FOLDER_PATH)/GroceryApp";
			};
			name = Debug;
		};
		408F4A9C2B8355D800FFD354 /* Release */ = {
			isa = XCBuildConfiguration;
			buildSettings = {
				ALWAYS_EMBED_SWIFT_STANDARD_LIBRARIES = YES;
				BUNDLE_LOADER = "$(TEST_HOST)";
				CODE_SIGN_STYLE = Automatic;
				CURRENT_PROJECT_VERSION = 1;
				GENERATE_INFOPLIST_FILE = YES;
				IPHONEOS_DEPLOYMENT_TARGET = 17.0;
				MARKETING_VERSION = 1.0;
				PRODUCT_BUNDLE_IDENTIFIER = "Natalia-Piegat.GroceryAppTests";
				PRODUCT_NAME = "$(TARGET_NAME)";
				SWIFT_EMIT_LOC_STRINGS = NO;
				SWIFT_VERSION = 5.0;
				TARGETED_DEVICE_FAMILY = "1,2";
				TEST_HOST = "$(BUILT_PRODUCTS_DIR)/GroceryApp.app/$(BUNDLE_EXECUTABLE_FOLDER_PATH)/GroceryApp";
			};
			name = Release;
		};
		408F4A9E2B8355D800FFD354 /* Debug */ = {
			isa = XCBuildConfiguration;
			buildSettings = {
				ALWAYS_EMBED_SWIFT_STANDARD_LIBRARIES = YES;
				CODE_SIGN_STYLE = Automatic;
				CURRENT_PROJECT_VERSION = 1;
				GENERATE_INFOPLIST_FILE = YES;
				MARKETING_VERSION = 1.0;
				PRODUCT_BUNDLE_IDENTIFIER = "Natalia-Piegat.GroceryAppUITests";
				PRODUCT_NAME = "$(TARGET_NAME)";
				SWIFT_EMIT_LOC_STRINGS = NO;
				SWIFT_VERSION = 5.0;
				TARGETED_DEVICE_FAMILY = "1,2";
				TEST_TARGET_NAME = GroceryApp;
			};
			name = Debug;
		};
		408F4A9F2B8355D800FFD354 /* Release */ = {
			isa = XCBuildConfiguration;
			buildSettings = {
				ALWAYS_EMBED_SWIFT_STANDARD_LIBRARIES = YES;
				CODE_SIGN_STYLE = Automatic;
				CURRENT_PROJECT_VERSION = 1;
				GENERATE_INFOPLIST_FILE = YES;
				MARKETING_VERSION = 1.0;
				PRODUCT_BUNDLE_IDENTIFIER = "Natalia-Piegat.GroceryAppUITests";
				PRODUCT_NAME = "$(TARGET_NAME)";
				SWIFT_EMIT_LOC_STRINGS = NO;
				SWIFT_VERSION = 5.0;
				TARGETED_DEVICE_FAMILY = "1,2";
				TEST_TARGET_NAME = GroceryApp;
			};
			name = Release;
		};
/* End XCBuildConfiguration section */

/* Begin XCConfigurationList section */
		408F4A6E2B8355D700FFD354 /* Build configuration list for PBXProject "GroceryApp" */ = {
			isa = XCConfigurationList;
			buildConfigurations = (
				408F4A952B8355D800FFD354 /* Debug */,
				408F4A962B8355D800FFD354 /* Release */,
			);
			defaultConfigurationIsVisible = 0;
			defaultConfigurationName = Release;
		};
		408F4A972B8355D800FFD354 /* Build configuration list for PBXNativeTarget "GroceryApp" */ = {
			isa = XCConfigurationList;
			buildConfigurations = (
				408F4A982B8355D800FFD354 /* Debug */,
				408F4A992B8355D800FFD354 /* Release */,
			);
			defaultConfigurationIsVisible = 0;
			defaultConfigurationName = Release;
		};
		408F4A9A2B8355D800FFD354 /* Build configuration list for PBXNativeTarget "GroceryAppTests" */ = {
			isa = XCConfigurationList;
			buildConfigurations = (
				408F4A9B2B8355D800FFD354 /* Debug */,
				408F4A9C2B8355D800FFD354 /* Release */,
			);
			defaultConfigurationIsVisible = 0;
			defaultConfigurationName = Release;
		};
		408F4A9D2B8355D800FFD354 /* Build configuration list for PBXNativeTarget "GroceryAppUITests" */ = {
			isa = XCConfigurationList;
			buildConfigurations = (
				408F4A9E2B8355D800FFD354 /* Debug */,
				408F4A9F2B8355D800FFD354 /* Release */,
			);
			defaultConfigurationIsVisible = 0;
			defaultConfigurationName = Release;
		};
/* End XCConfigurationList section */

/* Begin XCRemoteSwiftPackageReference section */
		408F4ABA2B86478500FFD354 /* XCRemoteSwiftPackageReference "firebase-ios-sdk" */ = {
			isa = XCRemoteSwiftPackageReference;
			repositoryURL = "https://github.com/firebase/firebase-ios-sdk.git";
			requirement = {
				kind = upToNextMajorVersion;
				minimumVersion = 10.21.0;
			};
		};
/* End XCRemoteSwiftPackageReference section */

/* Begin XCSwiftPackageProductDependency section */
		408F4ABB2B86478500FFD354 /* FirebaseAuth */ = {
			isa = XCSwiftPackageProductDependency;
			package = 408F4ABA2B86478500FFD354 /* XCRemoteSwiftPackageReference "firebase-ios-sdk" */;
			productName = FirebaseAuth;
		};
		408F4ABD2B86478500FFD354 /* FirebaseFirestore */ = {
			isa = XCSwiftPackageProductDependency;
			package = 408F4ABA2B86478500FFD354 /* XCRemoteSwiftPackageReference "firebase-ios-sdk" */;
			productName = FirebaseFirestore;
		};
/* End XCSwiftPackageProductDependency section */
	};
	rootObject = 408F4A6B2B8355D700FFD354 /* Project object */;
}
